
Microsoft Visual Studio Solution File, Format Version 12.00
# Visual Studio 14
VisualStudioVersion = 14.0.25420.1
MinimumVisualStudioVersion = 10.0.40219.1
Project("{8BC9CEB8-8B4A-11D0-8D11-00A0C91BC942}") = "ProjetArborescence", "ProjetArborescence.vcxproj", "{10C8DEA7-1A62-48D9-9FF4-5F87C0366F2B}"
EndProject
Project("{8BC9CEB8-8B4A-11D0-8D11-00A0C91BC942}") = "UnitTestArborescence", "..\UnitTestArborescence\UnitTestArborescence.vcxproj", "{C03E0753-8C4B-4771-85CC-84452EA88A01}"
EndProject
Global
	GlobalSection(SolutionConfigurationPlatforms) = preSolution
		Debug|x64 = Debug|x64
		Debug|x86 = Debug|x86
		Release|x64 = Release|x64
		Release|x86 = Release|x86
	EndGlobalSection
	GlobalSection(ProjectConfigurationPlatforms) = postSolution
		{10C8DEA7-1A62-48D9-9FF4-5F87C0366F2B}.Debug|x64.ActiveCfg = Debug|x64
		{10C8DEA7-1A62-48D9-9FF4-5F87C0366F2B}.Debug|x64.Build.0 = Debug|x64
		{10C8DEA7-1A62-48D9-9FF4-5F87C0366F2B}.Debug|x86.ActiveCfg = Debug|Win32
		{10C8DEA7-1A62-48D9-9FF4-5F87C0366F2B}.Debug|x86.Build.0 = Debug|Win32
		{10C8DEA7-1A62-48D9-9FF4-5F87C0366F2B}.Release|x64.ActiveCfg = Release|x64
		{10C8DEA7-1A62-48D9-9FF4-5F87C0366F2B}.Release|x64.Build.0 = Release|x64
		{10C8DEA7-1A62-48D9-9FF4-5F87C0366F2B}.Release|x86.ActiveCfg = Release|Win32
		{10C8DEA7-1A62-48D9-9FF4-5F87C0366F2B}.Release|x86.Build.0 = Release|Win32
		{C03E0753-8C4B-4771-85CC-84452EA88A01}.Debug|x64.ActiveCfg = Debug|x64
		{C03E0753-8C4B-4771-85CC-84452EA88A01}.Debug|x64.Build.0 = Debug|x64
		{C03E0753-8C4B-4771-85CC-84452EA88A01}.Debug|x86.ActiveCfg = Debug|Win32
		{C03E0753-8C4B-4771-85CC-84452EA88A01}.Debug|x86.Build.0 = Debug|Win32
		{C03E0753-8C4B-4771-85CC-84452EA88A01}.Release|x64.ActiveCfg = Release|x64
		{C03E0753-8C4B-4771-85CC-84452EA88A01}.Release|x64.Build.0 = Release|x64
		{C03E0753-8C4B-4771-85CC-84452EA88A01}.Release|x86.ActiveCfg = Release|Win32
		{C03E0753-8C4B-4771-85CC-84452EA88A01}.Release|x86.Build.0 = Release|Win32
	EndGlobalSection
	GlobalSection(SolutionProperties) = preSolution
		HideSolutionNode = FALSE
	EndGlobalSection
EndGlobal
